
Microsoft Visual Studio Solution File, Format Version 12.00
# Visual Studio Version 17
VisualStudioVersion = 17.7.34003.232
MinimumVisualStudioVersion = 10.0.40219.1
Project("{FAE04EC0-301F-11D3-BF4B-00C04F79EFBC}") = "PASS 2023 T3", "PASS 2023 T3\PASS 2023 T3.csproj", "{65F51CFB-EA84-4AAD-A9EB-3F3E45F74F9F}"
EndProject
Global
	GlobalSection(SolutionConfigurationPlatforms) = preSolution
		Debug|Any CPU = Debug|Any CPU
		Release|Any CPU = Release|Any CPU
	EndGlobalSection
	GlobalSection(ProjectConfigurationPlatforms) = postSolution
		{65F51CFB-EA84-4AAD-A9EB-3F3E45F74F9F}.Debug|Any CPU.ActiveCfg = Debug|Any CPU
		{65F51CFB-EA84-4AAD-A9EB-3F3E45F74F9F}.Debug|Any CPU.Build.0 = Debug|Any CPU
		{65F51CFB-EA84-4AAD-A9EB-3F3E45F74F9F}.Release|Any CPU.ActiveCfg = Release|Any CPU
		{65F51CFB-EA84-4AAD-A9EB-3F3E45F74F9F}.Release|Any CPU.Build.0 = Release|Any CPU
	EndGlobalSection
	GlobalSection(SolutionProperties) = preSolution
		HideSolutionNode = FALSE
	EndGlobalSection
	GlobalSection(ExtensibilityGlobals) = postSolution
		SolutionGuid = {D310197A-D128-474E-A181-67E153D3CFF2}
	EndGlobalSection
EndGlobal
