
Microsoft Visual Studio Solution File, Format Version 12.00
# Visual Studio Version 17
VisualStudioVersion = 17.7.34003.232
MinimumVisualStudioVersion = 10.0.40219.1
Project("{9A19103F-16F7-4668-BE54-9A1E7A4F7556}") = "PASS 2023 T3", "PASS 2023 T3\PASS 2023 T3.csproj", "{65F51CFB-EA84-4AAD-A9EB-3F3E45F74F9F}"
EndProject
Project("{9A19103F-16F7-4668-BE54-9A1E7A4F7556}") = "PASS WK3", "PASS WK3\PASS WK3.csproj", "{5861B92B-4FA7-4382-B206-9671CC1405BB}"
EndProject
Project("{9A19103F-16F7-4668-BE54-9A1E7A4F7556}") = "PASS WK4", "PASS WK4\PASS WK4.csproj", "{4526CE56-08EA-4B82-B1F3-947AFE4FD8F4}"
EndProject
Project("{9A19103F-16F7-4668-BE54-9A1E7A4F7556}") = "PASS WK5", "PASS WK5\PASS WK5.csproj", "{A1856B79-DA42-482B-BE20-3FA56E4C24B3}"
EndProject
Project("{9A19103F-16F7-4668-BE54-9A1E7A4F7556}") = "PASS WK6", "PASS WK6\PASS WK6.csproj", "{BD2157D3-723E-4184-B4A4-2CF394C9B356}"
EndProject
Project("{9A19103F-16F7-4668-BE54-9A1E7A4F7556}") = "PASS WK7", "PASS WK7\PASS WK7.csproj", "{4D6BD06B-386F-4BDF-BF57-80773062571D}"
EndProject
Project("{9A19103F-16F7-4668-BE54-9A1E7A4F7556}") = "PASS WK8", "PASS WK8\PASS WK8.csproj", "{57F657CD-EAFC-4BA4-819C-238A068EEE4D}"
EndProject
Project("{FAE04EC0-301F-11D3-BF4B-00C04F79EFBC}") = "PASS_WK9", "PASS_WK9\PASS_WK9.csproj", "{4643B64D-C029-4FA8-9965-AAC791EAE4FA}"
EndProject
Global
	GlobalSection(SolutionConfigurationPlatforms) = preSolution
		Debug|Any CPU = Debug|Any CPU
		Release|Any CPU = Release|Any CPU
	EndGlobalSection
	GlobalSection(ProjectConfigurationPlatforms) = postSolution
		{65F51CFB-EA84-4AAD-A9EB-3F3E45F74F9F}.Debug|Any CPU.ActiveCfg = Debug|Any CPU
		{65F51CFB-EA84-4AAD-A9EB-3F3E45F74F9F}.Debug|Any CPU.Build.0 = Debug|Any CPU
		{65F51CFB-EA84-4AAD-A9EB-3F3E45F74F9F}.Release|Any CPU.ActiveCfg = Release|Any CPU
		{65F51CFB-EA84-4AAD-A9EB-3F3E45F74F9F}.Release|Any CPU.Build.0 = Release|Any CPU
		{5861B92B-4FA7-4382-B206-9671CC1405BB}.Debug|Any CPU.ActiveCfg = Debug|Any CPU
		{5861B92B-4FA7-4382-B206-9671CC1405BB}.Debug|Any CPU.Build.0 = Debug|Any CPU
		{5861B92B-4FA7-4382-B206-9671CC1405BB}.Release|Any CPU.ActiveCfg = Release|Any CPU
		{5861B92B-4FA7-4382-B206-9671CC1405BB}.Release|Any CPU.Build.0 = Release|Any CPU
		{4526CE56-08EA-4B82-B1F3-947AFE4FD8F4}.Debug|Any CPU.ActiveCfg = Debug|Any CPU
		{4526CE56-08EA-4B82-B1F3-947AFE4FD8F4}.Debug|Any CPU.Build.0 = Debug|Any CPU
		{4526CE56-08EA-4B82-B1F3-947AFE4FD8F4}.Release|Any CPU.ActiveCfg = Release|Any CPU
		{4526CE56-08EA-4B82-B1F3-947AFE4FD8F4}.Release|Any CPU.Build.0 = Release|Any CPU
		{A1856B79-DA42-482B-BE20-3FA56E4C24B3}.Debug|Any CPU.ActiveCfg = Debug|Any CPU
		{A1856B79-DA42-482B-BE20-3FA56E4C24B3}.Debug|Any CPU.Build.0 = Debug|Any CPU
		{A1856B79-DA42-482B-BE20-3FA56E4C24B3}.Release|Any CPU.ActiveCfg = Release|Any CPU
		{A1856B79-DA42-482B-BE20-3FA56E4C24B3}.Release|Any CPU.Build.0 = Release|Any CPU
		{BD2157D3-723E-4184-B4A4-2CF394C9B356}.Debug|Any CPU.ActiveCfg = Debug|Any CPU
		{BD2157D3-723E-4184-B4A4-2CF394C9B356}.Debug|Any CPU.Build.0 = Debug|Any CPU
		{BD2157D3-723E-4184-B4A4-2CF394C9B356}.Release|Any CPU.ActiveCfg = Release|Any CPU
		{BD2157D3-723E-4184-B4A4-2CF394C9B356}.Release|Any CPU.Build.0 = Release|Any CPU
		{4D6BD06B-386F-4BDF-BF57-80773062571D}.Debug|Any CPU.ActiveCfg = Debug|Any CPU
		{4D6BD06B-386F-4BDF-BF57-80773062571D}.Debug|Any CPU.Build.0 = Debug|Any CPU
		{4D6BD06B-386F-4BDF-BF57-80773062571D}.Release|Any CPU.ActiveCfg = Release|Any CPU
		{4D6BD06B-386F-4BDF-BF57-80773062571D}.Release|Any CPU.Build.0 = Release|Any CPU
		{57F657CD-EAFC-4BA4-819C-238A068EEE4D}.Debug|Any CPU.ActiveCfg = Debug|Any CPU
		{57F657CD-EAFC-4BA4-819C-238A068EEE4D}.Debug|Any CPU.Build.0 = Debug|Any CPU
		{57F657CD-EAFC-4BA4-819C-238A068EEE4D}.Release|Any CPU.ActiveCfg = Release|Any CPU
		{57F657CD-EAFC-4BA4-819C-238A068EEE4D}.Release|Any CPU.Build.0 = Release|Any CPU
		{4643B64D-C029-4FA8-9965-AAC791EAE4FA}.Debug|Any CPU.ActiveCfg = Debug|Any CPU
		{4643B64D-C029-4FA8-9965-AAC791EAE4FA}.Debug|Any CPU.Build.0 = Debug|Any CPU
		{4643B64D-C029-4FA8-9965-AAC791EAE4FA}.Release|Any CPU.ActiveCfg = Release|Any CPU
		{4643B64D-C029-4FA8-9965-AAC791EAE4FA}.Release|Any CPU.Build.0 = Release|Any CPU
	EndGlobalSection
	GlobalSection(SolutionProperties) = preSolution
		HideSolutionNode = FALSE
	EndGlobalSection
	GlobalSection(ExtensibilityGlobals) = postSolution
		SolutionGuid = {D310197A-D128-474E-A181-67E153D3CFF2}
	EndGlobalSection
EndGlobal
